// !$*UTF8*$!
{
	archiveVersion = 1;
	classes = {
	};
	objectVersion = 56;
	objects = {

/* Begin PBXBuildFile section */
		CE57CEFB2AD1BAAF00A5BB7D /* AppDelegate.swift in Sources */ = {isa = PBXBuildFile; fileRef = CE57CEFA2AD1BAAF00A5BB7D /* AppDelegate.swift */; };
		CE57CEFD2AD1BAAF00A5BB7D /* SceneDelegate.swift in Sources */ = {isa = PBXBuildFile; fileRef = CE57CEFC2AD1BAAF00A5BB7D /* SceneDelegate.swift */; };
		CE57CEFF2AD1BAAF00A5BB7D /* ViewController.swift in Sources */ = {isa = PBXBuildFile; fileRef = CE57CEFE2AD1BAAF00A5BB7D /* ViewController.swift */; };
		CE57CF022AD1BAAF00A5BB7D /* Main.storyboard in Resources */ = {isa = PBXBuildFile; fileRef = CE57CF002AD1BAAF00A5BB7D /* Main.storyboard */; };
		CE57CF042AD1BAB100A5BB7D /* Assets.xcassets in Resources */ = {isa = PBXBuildFile; fileRef = CE57CF032AD1BAB100A5BB7D /* Assets.xcassets */; };
		CE57CF072AD1BAB100A5BB7D /* LaunchScreen.storyboard in Resources */ = {isa = PBXBuildFile; fileRef = CE57CF052AD1BAB100A5BB7D /* LaunchScreen.storyboard */; };
		CE57CF102AD1BB9900A5BB7D /* Alamofire in Frameworks */ = {isa = PBXBuildFile; productRef = CE57CF0F2AD1BB9900A5BB7D /* Alamofire */; };
		CE57CF132AD1BBA000A5BB7D /* SnapKit in Frameworks */ = {isa = PBXBuildFile; productRef = CE57CF122AD1BBA000A5BB7D /* SnapKit */; };
		CE57CF162AD1BBBC00A5BB7D /* Kingfisher in Frameworks */ = {isa = PBXBuildFile; productRef = CE57CF152AD1BBBC00A5BB7D /* Kingfisher */; };
/* End PBXBuildFile section */

/* Begin PBXFileReference section */
		CE57CEF72AD1BAAF00A5BB7D /* Seminar2Practice.app */ = {isa = PBXFileReference; explicitFileType = wrapper.application; includeInIndex = 0; path = Seminar2Practice.app; sourceTree = BUILT_PRODUCTS_DIR; };
		CE57CEFA2AD1BAAF00A5BB7D /* AppDelegate.swift */ = {isa = PBXFileReference; lastKnownFileType = sourcecode.swift; path = AppDelegate.swift; sourceTree = "<group>"; };
		CE57CEFC2AD1BAAF00A5BB7D /* SceneDelegate.swift */ = {isa = PBXFileReference; lastKnownFileType = sourcecode.swift; path = SceneDelegate.swift; sourceTree = "<group>"; };
		CE57CEFE2AD1BAAF00A5BB7D /* ViewController.swift */ = {isa = PBXFileReference; lastKnownFileType = sourcecode.swift; path = ViewController.swift; sourceTree = "<group>"; };
		CE57CF012AD1BAAF00A5BB7D /* Base */ = {isa = PBXFileReference; lastKnownFileType = file.storyboard; name = Base; path = Base.lproj/Main.storyboard; sourceTree = "<group>"; };
		CE57CF032AD1BAB100A5BB7D /* Assets.xcassets */ = {isa = PBXFileReference; lastKnownFileType = folder.assetcatalog; path = Assets.xcassets; sourceTree = "<group>"; };
		CE57CF062AD1BAB100A5BB7D /* Base */ = {isa = PBXFileReference; lastKnownFileType = file.storyboard; name = Base; path = Base.lproj/LaunchScreen.storyboard; sourceTree = "<group>"; };
		CE57CF082AD1BAB100A5BB7D /* Info.plist */ = {isa = PBXFileReference; lastKnownFileType = text.plist.xml; path = Info.plist; sourceTree = "<group>"; };
/* End PBXFileReference section */

/* Begin PBXFrameworksBuildPhase section */
		CE57CEF42AD1BAAF00A5BB7D /* Frameworks */ = {
			isa = PBXFrameworksBuildPhase;
			buildActionMask = 2147483647;
			files = (
				CE57CF162AD1BBBC00A5BB7D /* Kingfisher in Frameworks */,
				CE57CF102AD1BB9900A5BB7D /* Alamofire in Frameworks */,
				CE57CF132AD1BBA000A5BB7D /* SnapKit in Frameworks */,
			);
			runOnlyForDeploymentPostprocessing = 0;
		};
/* End PBXFrameworksBuildPhase section */

/* Begin PBXGroup section */
		CE57CEEE2AD1BAAF00A5BB7D = {
			isa = PBXGroup;
			children = (
				CE57CEF92AD1BAAF00A5BB7D /* Seminar2Practice */,
				CE57CEF82AD1BAAF00A5BB7D /* Products */,
			);
			sourceTree = "<group>";
		};
		CE57CEF82AD1BAAF00A5BB7D /* Products */ = {
			isa = PBXGroup;
			children = (
				CE57CEF72AD1BAAF00A5BB7D /* Seminar2Practice.app */,
			);
			name = Products;
			sourceTree = "<group>";
		};
		CE57CEF92AD1BAAF00A5BB7D /* Seminar2Practice */ = {
			isa = PBXGroup;
			children = (
				CE57CEFA2AD1BAAF00A5BB7D /* AppDelegate.swift */,
				CE57CEFC2AD1BAAF00A5BB7D /* SceneDelegate.swift */,
				CE57CEFE2AD1BAAF00A5BB7D /* ViewController.swift */,
				CE57CF002AD1BAAF00A5BB7D /* Main.storyboard */,
				CE57CF032AD1BAB100A5BB7D /* Assets.xcassets */,
				CE57CF052AD1BAB100A5BB7D /* LaunchScreen.storyboard */,
				CE57CF082AD1BAB100A5BB7D /* Info.plist */,
			);
			path = Seminar2Practice;
			sourceTree = "<group>";
		};
/* End PBXGroup section */

/* Begin PBXNativeTarget section */
		CE57CEF62AD1BAAF00A5BB7D /* Seminar2Practice */ = {
			isa = PBXNativeTarget;
			buildConfigurationList = CE57CF0B2AD1BAB100A5BB7D /* Build configuration list for PBXNativeTarget "Seminar2Practice" */;
			buildPhases = (
				CE57CEF32AD1BAAF00A5BB7D /* Sources */,
				CE57CEF42AD1BAAF00A5BB7D /* Frameworks */,
				CE57CEF52AD1BAAF00A5BB7D /* Resources */,
			);
			buildRules = (
			);
			dependencies = (
			);
			name = Seminar2Practice;
			packageProductDependencies = (
				CE57CF0F2AD1BB9900A5BB7D /* Alamofire */,
				CE57CF122AD1BBA000A5BB7D /* SnapKit */,
				CE57CF152AD1BBBC00A5BB7D /* Kingfisher */,
			);
			productName = Seminar2Practice;
			productReference = CE57CEF72AD1BAAF00A5BB7D /* Seminar2Practice.app */;
			productType = "com.apple.product-type.application";
		};
/* End PBXNativeTarget section */

/* Begin PBXProject section */
		CE57CEEF2AD1BAAF00A5BB7D /* Project object */ = {
			isa = PBXProject;
			attributes = {
				BuildIndependentTargetsInParallel = 1;
				LastSwiftUpdateCheck = 1500;
				LastUpgradeCheck = 1500;
				TargetAttributes = {
					CE57CEF62AD1BAAF00A5BB7D = {
						CreatedOnToolsVersion = 15.0;
					};
				};
			};
			buildConfigurationList = CE57CEF22AD1BAAF00A5BB7D /* Build configuration list for PBXProject "Seminar2Practice" */;
			compatibilityVersion = "Xcode 14.0";
			developmentRegion = en;
			hasScannedForEncodings = 0;
			knownRegions = (
				en,
				Base,
			);
			mainGroup = CE57CEEE2AD1BAAF00A5BB7D;
			packageReferences = (
				CE57CF0E2AD1BB9900A5BB7D /* XCRemoteSwiftPackageReference "Alamofire" */,
				CE57CF112AD1BBA000A5BB7D /* XCRemoteSwiftPackageReference "SnapKit" */,
				CE57CF142AD1BBBC00A5BB7D /* XCRemoteSwiftPackageReference "Kingfisher" */,
			);
			productRefGroup = CE57CEF82AD1BAAF00A5BB7D /* Products */;
			projectDirPath = "";
			projectRoot = "";
			targets = (
				CE57CEF62AD1BAAF00A5BB7D /* Seminar2Practice */,
			);
		};
/* End PBXProject section */

/* Begin PBXResourcesBuildPhase section */
		CE57CEF52AD1BAAF00A5BB7D /* Resources */ = {
			isa = PBXResourcesBuildPhase;
			buildActionMask = 2147483647;
			files = (
				CE57CF072AD1BAB100A5BB7D /* LaunchScreen.storyboard in Resources */,
				CE57CF042AD1BAB100A5BB7D /* Assets.xcassets in Resources */,
				CE57CF022AD1BAAF00A5BB7D /* Main.storyboard in Resources */,
			);
			runOnlyForDeploymentPostprocessing = 0;
		};
/* End PBXResourcesBuildPhase section */

/* Begin PBXSourcesBuildPhase section */
		CE57CEF32AD1BAAF00A5BB7D /* Sources */ = {
			isa = PBXSourcesBuildPhase;
			buildActionMask = 2147483647;
			files = (
				CE57CEFF2AD1BAAF00A5BB7D /* ViewController.swift in Sources */,
				CE57CEFB2AD1BAAF00A5BB7D /* AppDelegate.swift in Sources */,
				CE57CEFD2AD1BAAF00A5BB7D /* SceneDelegate.swift in Sources */,
			);
			runOnlyForDeploymentPostprocessing = 0;
		};
/* End PBXSourcesBuildPhase section */

/* Begin PBXVariantGroup section */
		CE57CF002AD1BAAF00A5BB7D /* Main.storyboard */ = {
			isa = PBXVariantGroup;
			children = (
				CE57CF012AD1BAAF00A5BB7D /* Base */,
			);
			name = Main.storyboard;
			sourceTree = "<group>";
		};
		CE57CF052AD1BAB100A5BB7D /* LaunchScreen.storyboard */ = {
			isa = PBXVariantGroup;
			children = (
				CE57CF062AD1BAB100A5BB7D /* Base */,
			);
			name = LaunchScreen.storyboard;
			sourceTree = "<group>";
		};
/* End PBXVariantGroup section */

/* Begin XCBuildConfiguration section */
		CE57CF092AD1BAB100A5BB7D /* Debug */ = {
			isa = XCBuildConfiguration;
			buildSettings = {
				ALWAYS_SEARCH_USER_PATHS = NO;
				ASSETCATALOG_COMPILER_GENERATE_SWIFT_ASSET_SYMBOL_EXTENSIONS = YES;
				CLANG_ANALYZER_NONNULL = YES;
				CLANG_ANALYZER_NUMBER_OBJECT_CONVERSION = YES_AGGRESSIVE;
				CLANG_CXX_LANGUAGE_STANDARD = "gnu++20";
				CLANG_ENABLE_MODULES = YES;
				CLANG_ENABLE_OBJC_ARC = YES;
				CLANG_ENABLE_OBJC_WEAK = YES;
				CLANG_WARN_BLOCK_CAPTURE_AUTORELEASING = YES;
				CLANG_WARN_BOOL_CONVERSION = YES;
				CLANG_WARN_COMMA = YES;
				CLANG_WARN_CONSTANT_CONVERSION = YES;
				CLANG_WARN_DEPRECATED_OBJC_IMPLEMENTATIONS = YES;
				CLANG_WARN_DIRECT_OBJC_ISA_USAGE = YES_ERROR;
				CLANG_WARN_DOCUMENTATION_COMMENTS = YES;
				CLANG_WARN_EMPTY_BODY = YES;
				CLANG_WARN_ENUM_CONVERSION = YES;
				CLANG_WARN_INFINITE_RECURSION = YES;
				CLANG_WARN_INT_CONVERSION = YES;
				CLANG_WARN_NON_LITERAL_NULL_CONVERSION = YES;
				CLANG_WARN_OBJC_IMPLICIT_RETAIN_SELF = YES;
				CLANG_WARN_OBJC_LITERAL_CONVERSION = YES;
				CLANG_WARN_OBJC_ROOT_CLASS = YES_ERROR;
				CLANG_WARN_QUOTED_INCLUDE_IN_FRAMEWORK_HEADER = YES;
				CLANG_WARN_RANGE_LOOP_ANALYSIS = YES;
				CLANG_WARN_STRICT_PROTOTYPES = YES;
				CLANG_WARN_SUSPICIOUS_MOVE = YES;
				CLANG_WARN_UNGUARDED_AVAILABILITY = YES_AGGRESSIVE;
				CLANG_WARN_UNREACHABLE_CODE = YES;
				CLANG_WARN__DUPLICATE_METHOD_MATCH = YES;
				COPY_PHASE_STRIP = NO;
				DEBUG_INFORMATION_FORMAT = dwarf;
				ENABLE_STRICT_OBJC_MSGSEND = YES;
				ENABLE_TESTABILITY = YES;
				ENABLE_USER_SCRIPT_SANDBOXING = YES;
				GCC_C_LANGUAGE_STANDARD = gnu17;
				GCC_DYNAMIC_NO_PIC = NO;
				GCC_NO_COMMON_BLOCKS = YES;
				GCC_OPTIMIZATION_LEVEL = 0;
				GCC_PREPROCESSOR_DEFINITIONS = (
					"DEBUG=1",
					"$(inherited)",
				);
				GCC_WARN_64_TO_32_BIT_CONVERSION = YES;
				GCC_WARN_ABOUT_RETURN_TYPE = YES_ERROR;
				GCC_WARN_UNDECLARED_SELECTOR = YES;
				GCC_WARN_UNINITIALIZED_AUTOS = YES_AGGRESSIVE;
				GCC_WARN_UNUSED_FUNCTION = YES;
				GCC_WARN_UNUSED_VARIABLE = YES;
				IPHONEOS_DEPLOYMENT_TARGET = 16.0;
				LOCALIZATION_PREFERS_STRING_CATALOGS = YES;
				MTL_ENABLE_DEBUG_INFO = INCLUDE_SOURCE;
				MTL_FAST_MATH = YES;
				ONLY_ACTIVE_ARCH = YES;
				SDKROOT = iphoneos;
				SWIFT_ACTIVE_COMPILATION_CONDITIONS = "DEBUG $(inherited)";
				SWIFT_OPTIMIZATION_LEVEL = "-Onone";
			};
			name = Debug;
		};
		CE57CF0A2AD1BAB100A5BB7D /* Release */ = {
			isa = XCBuildConfiguration;
			buildSettings = {
				ALWAYS_SEARCH_USER_PATHS = NO;
				ASSETCATALOG_COMPILER_GENERATE_SWIFT_ASSET_SYMBOL_EXTENSIONS = YES;
				CLANG_ANALYZER_NONNULL = YES;
				CLANG_ANALYZER_NUMBER_OBJECT_CONVERSION = YES_AGGRESSIVE;
				CLANG_CXX_LANGUAGE_STANDARD = "gnu++20";
				CLANG_ENABLE_MODULES = YES;
				CLANG_ENABLE_OBJC_ARC = YES;
				CLANG_ENABLE_OBJC_WEAK = YES;
				CLANG_WARN_BLOCK_CAPTURE_AUTORELEASING = YES;
				CLANG_WARN_BOOL_CONVERSION = YES;
				CLANG_WARN_COMMA = YES;
				CLANG_WARN_CONSTANT_CONVERSION = YES;
				CLANG_WARN_DEPRECATED_OBJC_IMPLEMENTATIONS = YES;
				CLANG_WARN_DIRECT_OBJC_ISA_USAGE = YES_ERROR;
				CLANG_WARN_DOCUMENTATION_COMMENTS = YES;
				CLANG_WARN_EMPTY_BODY = YES;
				CLANG_WARN_ENUM_CONVERSION = YES;
				CLANG_WARN_INFINITE_RECURSION = YES;
				CLANG_WARN_INT_CONVERSION = YES;
				CLANG_WARN_NON_LITERAL_NULL_CONVERSION = YES;
				CLANG_WARN_OBJC_IMPLICIT_RETAIN_SELF = YES;
				CLANG_WARN_OBJC_LITERAL_CONVERSION = YES;
				CLANG_WARN_OBJC_ROOT_CLASS = YES_ERROR;
				CLANG_WARN_QUOTED_INCLUDE_IN_FRAMEWORK_HEADER = YES;
				CLANG_WARN_RANGE_LOOP_ANALYSIS = YES;
				CLANG_WARN_STRICT_PROTOTYPES = YES;
				CLANG_WARN_SUSPICIOUS_MOVE = YES;
				CLANG_WARN_UNGUARDED_AVAILABILITY = YES_AGGRESSIVE;
				CLANG_WARN_UNREACHABLE_CODE = YES;
				CLANG_WARN__DUPLICATE_METHOD_MATCH = YES;
				COPY_PHASE_STRIP = NO;
				DEBUG_INFORMATION_FORMAT = "dwarf-with-dsym";
				ENABLE_NS_ASSERTIONS = NO;
				ENABLE_STRICT_OBJC_MSGSEND = YES;
				ENABLE_USER_SCRIPT_SANDBOXING = YES;
				GCC_C_LANGUAGE_STANDARD = gnu17;
				GCC_NO_COMMON_BLOCKS = YES;
				GCC_WARN_64_TO_32_BIT_CONVERSION = YES;
				GCC_WARN_ABOUT_RETURN_TYPE = YES_ERROR;
				GCC_WARN_UNDECLARED_SELECTOR = YES;
				GCC_WARN_UNINITIALIZED_AUTOS = YES_AGGRESSIVE;
				GCC_WARN_UNUSED_FUNCTION = YES;
				GCC_WARN_UNUSED_VARIABLE = YES;
				IPHONEOS_DEPLOYMENT_TARGET = 16.0;
				LOCALIZATION_PREFERS_STRING_CATALOGS = YES;
				MTL_ENABLE_DEBUG_INFO = NO;
				MTL_FAST_MATH = YES;
				SDKROOT = iphoneos;
				SWIFT_COMPILATION_MODE = wholemodule;
				VALIDATE_PRODUCT = YES;
			};
			name = Release;
		};
		CE57CF0C2AD1BAB100A5BB7D /* Debug */ = {
			isa = XCBuildConfiguration;
			buildSettings = {
				ASSETCATALOG_COMPILER_APPICON_NAME = AppIcon;
				ASSETCATALOG_COMPILER_GLOBAL_ACCENT_COLOR_NAME = AccentColor;
				CODE_SIGN_STYLE = Automatic;
				CURRENT_PROJECT_VERSION = 1;
				GENERATE_INFOPLIST_FILE = YES;
				INFOPLIST_FILE = Seminar2Practice/Info.plist;
				INFOPLIST_KEY_UIApplicationSupportsIndirectInputEvents = YES;
				INFOPLIST_KEY_UILaunchStoryboardName = LaunchScreen;
				INFOPLIST_KEY_UIMainStoryboardFile = Main;
				INFOPLIST_KEY_UISupportedInterfaceOrientations_iPad = "UIInterfaceOrientationPortrait UIInterfaceOrientationPortraitUpsideDown UIInterfaceOrientationLandscapeLeft UIInterfaceOrientationLandscapeRight";
				INFOPLIST_KEY_UISupportedInterfaceOrientations_iPhone = "UIInterfaceOrientationPortrait UIInterfaceOrientationLandscapeLeft UIInterfaceOrientationLandscapeRight";
				LD_RUNPATH_SEARCH_PATHS = (
					"$(inherited)",
					"@executable_path/Frameworks",
				);
				MARKETING_VERSION = 1.0;
				PRODUCT_BUNDLE_IDENTIFIER = "com.wafflestudio.seminar-2023.Seminar2Practice";
				PRODUCT_NAME = "$(TARGET_NAME)";
				SWIFT_EMIT_LOC_STRINGS = YES;
				SWIFT_VERSION = 5.0;
				TARGETED_DEVICE_FAMILY = "1,2";
			};
			name = Debug;
		};
		CE57CF0D2AD1BAB100A5BB7D /* Release */ = {
			isa = XCBuildConfiguration;
			buildSettings = {
				ASSETCATALOG_COMPILER_APPICON_NAME = AppIcon;
				ASSETCATALOG_COMPILER_GLOBAL_ACCENT_COLOR_NAME = AccentColor;
				CODE_SIGN_STYLE = Automatic;
				CURRENT_PROJECT_VERSION = 1;
				GENERATE_INFOPLIST_FILE = YES;
				INFOPLIST_FILE = Seminar2Practice/Info.plist;
				INFOPLIST_KEY_UIApplicationSupportsIndirectInputEvents = YES;
				INFOPLIST_KEY_UILaunchStoryboardName = LaunchScreen;
				INFOPLIST_KEY_UIMainStoryboardFile = Main;
				INFOPLIST_KEY_UISupportedInterfaceOrientations_iPad = "UIInterfaceOrientationPortrait UIInterfaceOrientationPortraitUpsideDown UIInterfaceOrientationLandscapeLeft UIInterfaceOrientationLandscapeRight";
				INFOPLIST_KEY_UISupportedInterfaceOrientations_iPhone = "UIInterfaceOrientationPortrait UIInterfaceOrientationLandscapeLeft UIInterfaceOrientationLandscapeRight";
				LD_RUNPATH_SEARCH_PATHS = (
					"$(inherited)",
					"@executable_path/Frameworks",
				);
				MARKETING_VERSION = 1.0;
				PRODUCT_BUNDLE_IDENTIFIER = "com.wafflestudio.seminar-2023.Seminar2Practice";
				PRODUCT_NAME = "$(TARGET_NAME)";
				SWIFT_EMIT_LOC_STRINGS = YES;
				SWIFT_VERSION = 5.0;
				TARGETED_DEVICE_FAMILY = "1,2";
			};
			name = Release;
		};
/* End XCBuildConfiguration section */

/* Begin XCConfigurationList section */
		CE57CEF22AD1BAAF00A5BB7D /* Build configuration list for PBXProject "Seminar2Practice" */ = {
			isa = XCConfigurationList;
			buildConfigurations = (
				CE57CF092AD1BAB100A5BB7D /* Debug */,
				CE57CF0A2AD1BAB100A5BB7D /* Release */,
			);
			defaultConfigurationIsVisible = 0;
			defaultConfigurationName = Release;
		};
		CE57CF0B2AD1BAB100A5BB7D /* Build configuration list for PBXNativeTarget "Seminar2Practice" */ = {
			isa = XCConfigurationList;
			buildConfigurations = (
				CE57CF0C2AD1BAB100A5BB7D /* Debug */,
				CE57CF0D2AD1BAB100A5BB7D /* Release */,
			);
			defaultConfigurationIsVisible = 0;
			defaultConfigurationName = Release;
		};
/* End XCConfigurationList section */

/* Begin XCRemoteSwiftPackageReference section */
		CE57CF0E2AD1BB9900A5BB7D /* XCRemoteSwiftPackageReference "Alamofire" */ = {
			isa = XCRemoteSwiftPackageReference;
			repositoryURL = "https://github.com/Alamofire/Alamofire.git";
			requirement = {
				kind = upToNextMajorVersion;
				minimumVersion = 5.8.0;
			};
		};
		CE57CF112AD1BBA000A5BB7D /* XCRemoteSwiftPackageReference "SnapKit" */ = {
			isa = XCRemoteSwiftPackageReference;
			repositoryURL = "https://github.com/SnapKit/SnapKit.git";
			requirement = {
				kind = upToNextMajorVersion;
				minimumVersion = 5.6.0;
			};
		};
		CE57CF142AD1BBBC00A5BB7D /* XCRemoteSwiftPackageReference "Kingfisher" */ = {
			isa = XCRemoteSwiftPackageReference;
			repositoryURL = "https://github.com/onevcat/Kingfisher.git";
			requirement = {
				kind = upToNextMajorVersion;
				minimumVersion = 7.9.1;
			};
		};
/* End XCRemoteSwiftPackageReference section */

/* Begin XCSwiftPackageProductDependency section */
		CE57CF0F2AD1BB9900A5BB7D /* Alamofire */ = {
			isa = XCSwiftPackageProductDependency;
			package = CE57CF0E2AD1BB9900A5BB7D /* XCRemoteSwiftPackageReference "Alamofire" */;
			productName = Alamofire;
		};
		CE57CF122AD1BBA000A5BB7D /* SnapKit */ = {
			isa = XCSwiftPackageProductDependency;
			package = CE57CF112AD1BBA000A5BB7D /* XCRemoteSwiftPackageReference "SnapKit" */;
			productName = SnapKit;
		};
		CE57CF152AD1BBBC00A5BB7D /* Kingfisher */ = {
			isa = XCSwiftPackageProductDependency;
			package = CE57CF142AD1BBBC00A5BB7D /* XCRemoteSwiftPackageReference "Kingfisher" */;
			productName = Kingfisher;
		};
/* End XCSwiftPackageProductDependency section */
	};
	rootObject = CE57CEEF2AD1BAAF00A5BB7D /* Project object */;
}
